<?xml version="1.0"?>
<CONFIG>
  <ProjectOptions>
    <Version Value="9"/>
    <PathDelim Value="\"/>
    <General>
      <SessionStorage Value="InProjectDir"/>
      <MainUnit Value="0"/>
      <Title Value="DBClient"/>
      <ResourceType Value="res"/>
      <UseXPManifest Value="True"/>
      <Icon Value="0"/>
    </General>
    <i18n>
      <EnableI18N LFM="False"/>
    </i18n>
    <VersionInfo>
      <StringTable ProductVersion=""/>
    </VersionInfo>
    <BuildModes Count="1">
      <Item1 Name="Default" Default="True"/>
    </BuildModes>
    <PublishOptions>
      <Version Value="2"/>
      <IncludeFileFilter Value="*.(pas|pp|inc|lfm|lpr|lrs|lpi|lpk|sh|xml)"/>
      <ExcludeFileFilter Value="*.(bak|ppu|o|so);*~;backup"/>
    </PublishOptions>
    <RunParams>
      <local>
        <FormatVersion Value="1"/>
        <LaunchingApplication PathPlusParams="\usr\bin\xterm -T 'Lazarus Run Output' -e $(LazarusDir)\tools\runwait.sh $(TargetCmdLine)"/>
      </local>
    </RunParams>
    <RequiredPackages Count="4">
      <Item1>
        <PackageName Value="RunTimeTypeInfoControls"/>
      </Item1>
      <Item2>
        <PackageName Value="FCL"/>
      </Item2>
      <Item3>
        <PackageName Value="SQLDBLaz"/>
      </Item3>
      <Item4>
        <PackageName Value="LCL"/>
      </Item4>
    </RequiredPackages>
    <Units Count="18">
      <Unit0>
        <Filename Value="DBClient.lpr"/>
        <IsPartOfProject Value="True"/>
        <UnitName Value="DBClient"/>
      </Unit0>
      <Unit1>
        <Filename Value="forms\clformmain.pas"/>
        <IsPartOfProject Value="True"/>
        <ComponentName Value="FormMain"/>
        <HasResources Value="True"/>
        <ResourceBaseClass Value="Form"/>
        <UnitName Value="CLFormMain"/>
      </Unit1>
      <Unit2>
        <Filename Value="forms\clformtable.pas"/>
        <IsPartOfProject Value="True"/>
        <ComponentName Value="FormTable"/>
        <HasResources Value="True"/>
        <ResourceBaseClass Value="Form"/>
        <UnitName Value="CLFormTable"/>
      </Unit2>
      <Unit3>
        <Filename Value="forms\clformcontainer.pas"/>
        <IsPartOfProject Value="True"/>
        <UnitName Value="CLFormContainer"/>
      </Unit3>
      <Unit4>
        <Filename Value="forms\clformchild.pas"/>
        <IsPartOfProject Value="True"/>
        <ComponentName Value="FormChild"/>
        <HasResources Value="True"/>
        <ResourceBaseClass Value="Form"/>
        <UnitName Value="CLFormChild"/>
      </Unit4>
      <Unit5>
        <Filename Value="forms\clformedit.pas"/>
        <IsPartOfProject Value="True"/>
        <ComponentName Value="FormEdit"/>
        <HasResources Value="True"/>
        <ResourceBaseClass Value="Form"/>
        <UnitName Value="CLFormEdit"/>
      </Unit5>
      <Unit6>
        <Filename Value="filter\clfilter.pas"/>
        <IsPartOfProject Value="True"/>
        <UnitName Value="CLFilter"/>
      </Unit6>
      <Unit7>
        <Filename Value="export\clexport.pas"/>
        <IsPartOfProject Value="True"/>
        <UnitName Value="CLExport"/>
      </Unit7>
      <Unit8>
        <Filename Value="forms\clformolap.pas"/>
        <IsPartOfProject Value="True"/>
        <ComponentName Value="FormOLAP"/>
        <HasResources Value="True"/>
        <ResourceBaseClass Value="Form"/>
        <UnitName Value="CLFormOLAP"/>
      </Unit8>
      <Unit9>
        <Filename Value="olap\clolapgrid.pas"/>
        <IsPartOfProject Value="True"/>
        <ComponentName Value="OLAPGrid"/>
        <HasResources Value="True"/>
        <ResourceBaseClass Value="DataModule"/>
        <UnitName Value="CLOLAPGrid"/>
      </Unit9>
      <Unit10>
        <Filename Value="database\clmetadata.pas"/>
        <IsPartOfProject Value="True"/>
        <UnitName Value="CLMetadata"/>
      </Unit10>
      <Unit11>
        <Filename Value="database\cldatabase.pas"/>
        <IsPartOfProject Value="True"/>
        <UnitName Value="CLDatabase"/>
      </Unit11>
      <Unit12>
        <Filename Value="olap\clolapcell.pas"/>
        <IsPartOfProject Value="True"/>
        <UnitName Value="CLOLAPCell"/>
      </Unit12>
      <Unit13>
        <Filename Value="olap\clolapcellbutton.pas"/>
        <IsPartOfProject Value="True"/>
        <UnitName Value="CLOLAPCellButton"/>
      </Unit13>
      <Unit14>
        <Filename Value="olap\clolapcellbuttons.pas"/>
        <IsPartOfProject Value="True"/>
        <UnitName Value="CLOLAPCellButtons"/>
      </Unit14>
      <Unit15>
        <Filename Value="olap\clolaptypes.pas"/>
        <IsPartOfProject Value="True"/>
        <UnitName Value="CLOLAPTypes"/>
      </Unit15>
      <Unit16>
        <Filename Value="filter\clfilterpanel.pas"/>
        <IsPartOfProject Value="True"/>
        <UnitName Value="CLFilterPanel"/>
      </Unit16>
      <Unit17>
        <Filename Value="filter\clfiltertypes.pas"/>
        <IsPartOfProject Value="True"/>
        <UnitName Value="CLFilterTypes"/>
      </Unit17>
    </Units>
  </ProjectOptions>
  <CompilerOptions>
    <Version Value="11"/>
    <PathDelim Value="\"/>
    <Target>
      <Filename Value="DBClient"/>
    </Target>
    <SearchPaths>
      <IncludeFiles Value="$(ProjOutDir)"/>
      <OtherUnitFiles Value="forms;export;database;olap;filter"/>
      <UnitOutputDirectory Value="lib\$(TargetCPU)-$(TargetOS)"/>
    </SearchPaths>
    <Linking>
      <Debugging>
        <UseHeaptrc Value="True"/>
      </Debugging>
      <Options>
        <Win32>
          <GraphicApplication Value="True"/>
        </Win32>
      </Options>
    </Linking>
    <Other>
      <CompilerMessages>
        <MsgFileName Value=""/>
      </CompilerMessages>
      <CompilerPath Value="$(CompPath)"/>
    </Other>
  </CompilerOptions>
  <Debugging>
    <Exceptions Count="3">
      <Item1>
        <Name Value="EAbort"/>
      </Item1>
      <Item2>
        <Name Value="ECodetoolError"/>
      </Item2>
      <Item3>
        <Name Value="EFOpenError"/>
      </Item3>
    </Exceptions>
  </Debugging>
</CONFIG>
